schema: '2.0'
stages:
  train_model:
    cmd: python -u ml/train.py --data data/training.csv --config 
      configs/model_training_config.json
    deps:
    - path: configs/model_training_config.json
      hash: md5
      md5: 816237bd02a8f21809d6c8e06e7b8a37
      size: 1902
      isexec: true
    - path: data/training.csv
      hash: md5
      md5: 9fd6fa8ba79667c9046ad24224b7b0aa
      size: 165091
    - path: ml/train.py
      hash: md5
      md5: 17ac176d699cc34debaeec8326651104
      size: 16788
      isexec: true
    - path: ml/tune.py
      hash: md5
      md5: 030873094e16a47386d977ee4db920c6
      size: 10561
      isexec: true
    outs:
    - path: ml/artifacts/model.pkl
      hash: md5
      md5: 19d3539c5b6daaca04a4351e96cecdd9
      size: 40707481
  export_training_data:
    cmd: python -u ml/export_training_data.py --output data/training.csv 
      --fallback data/data.csv
    deps:
    - path: data/data.csv
      hash: md5
      md5: 271fc955dfe67386e93b54be9f8720ae
      size: 178725
      isexec: true
    - path: ml/export_training_data.py
      hash: md5
      md5: 49a6a796650b06b9d16186a47b886479
      size: 5435
      isexec: true
    outs:
    - path: data/training.csv
      hash: md5
      md5: 9fd6fa8ba79667c9046ad24224b7b0aa
      size: 165091
